
Microsoft Visual Studio Solution File, Format Version 12.00
# Visual Studio Version 17
VisualStudioVersion = 17.9.34714.143
MinimumVisualStudioVersion = 10.0.40219.1
Project("{9A19103F-16F7-4668-BE54-9A1E7A4F7556}") = "FTPClient", "FTPClient\FTPClient.csproj", "{6DEDD609-C53F-4E37-A1E8-00A257C52DF3}"
EndProject
Project("{9A19103F-16F7-4668-BE54-9A1E7A4F7556}") = "FTPClient.Service", "FTPClient.Service\FTPClient.Service.csproj", "{2525373C-2940-4D71-9467-7CA0B33544B0}"
EndProject
Project("{9A19103F-16F7-4668-BE54-9A1E7A4F7556}") = "FTPClient.Models", "FTPClient.Models\FTPClient.Models.csproj", "{BA73BD96-8F7D-492C-B95D-9A8D1106AE04}"
EndProject
Project("{9A19103F-16F7-4668-BE54-9A1E7A4F7556}") = "FTPClient.Database", "FTPClient.Database\FTPClient.Database.csproj", "{06EE1897-1D6A-456F-82C5-2208B84C786D}"
EndProject
Project("{FAE04EC0-301F-11D3-BF4B-00C04F79EFBC}") = "FTPClient.Tests", "FTPClient.Tests\FTPClient.Tests.csproj", "{D020B776-0102-460A-BC83-69050E73254C}"
EndProject
Global
	GlobalSection(SolutionConfigurationPlatforms) = preSolution
		Debug|Any CPU = Debug|Any CPU
		Release|Any CPU = Release|Any CPU
	EndGlobalSection
	GlobalSection(ProjectConfigurationPlatforms) = postSolution
		{6DEDD609-C53F-4E37-A1E8-00A257C52DF3}.Debug|Any CPU.ActiveCfg = Debug|Any CPU
		{6DEDD609-C53F-4E37-A1E8-00A257C52DF3}.Debug|Any CPU.Build.0 = Debug|Any CPU
		{6DEDD609-C53F-4E37-A1E8-00A257C52DF3}.Release|Any CPU.ActiveCfg = Release|Any CPU
		{6DEDD609-C53F-4E37-A1E8-00A257C52DF3}.Release|Any CPU.Build.0 = Release|Any CPU
		{2525373C-2940-4D71-9467-7CA0B33544B0}.Debug|Any CPU.ActiveCfg = Debug|Any CPU
		{2525373C-2940-4D71-9467-7CA0B33544B0}.Debug|Any CPU.Build.0 = Debug|Any CPU
		{2525373C-2940-4D71-9467-7CA0B33544B0}.Release|Any CPU.ActiveCfg = Release|Any CPU
		{2525373C-2940-4D71-9467-7CA0B33544B0}.Release|Any CPU.Build.0 = Release|Any CPU
		{BA73BD96-8F7D-492C-B95D-9A8D1106AE04}.Debug|Any CPU.ActiveCfg = Debug|Any CPU
		{BA73BD96-8F7D-492C-B95D-9A8D1106AE04}.Debug|Any CPU.Build.0 = Debug|Any CPU
		{BA73BD96-8F7D-492C-B95D-9A8D1106AE04}.Release|Any CPU.ActiveCfg = Release|Any CPU
		{BA73BD96-8F7D-492C-B95D-9A8D1106AE04}.Release|Any CPU.Build.0 = Release|Any CPU
		{06EE1897-1D6A-456F-82C5-2208B84C786D}.Debug|Any CPU.ActiveCfg = Debug|Any CPU
		{06EE1897-1D6A-456F-82C5-2208B84C786D}.Debug|Any CPU.Build.0 = Debug|Any CPU
		{06EE1897-1D6A-456F-82C5-2208B84C786D}.Release|Any CPU.ActiveCfg = Release|Any CPU
		{06EE1897-1D6A-456F-82C5-2208B84C786D}.Release|Any CPU.Build.0 = Release|Any CPU
		{D020B776-0102-460A-BC83-69050E73254C}.Debug|Any CPU.ActiveCfg = Debug|Any CPU
		{D020B776-0102-460A-BC83-69050E73254C}.Debug|Any CPU.Build.0 = Debug|Any CPU
		{D020B776-0102-460A-BC83-69050E73254C}.Release|Any CPU.ActiveCfg = Release|Any CPU
		{D020B776-0102-460A-BC83-69050E73254C}.Release|Any CPU.Build.0 = Release|Any CPU
	EndGlobalSection
	GlobalSection(SolutionProperties) = preSolution
		HideSolutionNode = FALSE
	EndGlobalSection
	GlobalSection(ExtensibilityGlobals) = postSolution
		SolutionGuid = {CC095DA4-9389-443E-B823-260BC389B43F}
	EndGlobalSection
EndGlobal
