
Microsoft Visual Studio Solution File, Format Version 12.00
Project("{FAE04EC0-301F-11D3-BF4B-00C04F79EFBC}") = "FTPClient", "FTPClient\FTPClient.csproj", "{6DEDD609-C53F-4E37-A1E8-00A257C52DF3}"
EndProject
Project("{FAE04EC0-301F-11D3-BF4B-00C04F79EFBC}") = "FTPClient.Service", "FTPClient.Service\FTPClient.Service.csproj", "{2525373C-2940-4D71-9467-7CA0B33544B0}"
EndProject
Global
	GlobalSection(SolutionConfigurationPlatforms) = preSolution
		Debug|Any CPU = Debug|Any CPU
		Release|Any CPU = Release|Any CPU
	EndGlobalSection
	GlobalSection(ProjectConfigurationPlatforms) = postSolution
		{6DEDD609-C53F-4E37-A1E8-00A257C52DF3}.Debug|Any CPU.ActiveCfg = Debug|Any CPU
		{6DEDD609-C53F-4E37-A1E8-00A257C52DF3}.Debug|Any CPU.Build.0 = Debug|Any CPU
		{6DEDD609-C53F-4E37-A1E8-00A257C52DF3}.Release|Any CPU.ActiveCfg = Release|Any CPU
		{6DEDD609-C53F-4E37-A1E8-00A257C52DF3}.Release|Any CPU.Build.0 = Release|Any CPU
		{2525373C-2940-4D71-9467-7CA0B33544B0}.Debug|Any CPU.ActiveCfg = Debug|Any CPU
		{2525373C-2940-4D71-9467-7CA0B33544B0}.Debug|Any CPU.Build.0 = Debug|Any CPU
		{2525373C-2940-4D71-9467-7CA0B33544B0}.Release|Any CPU.ActiveCfg = Release|Any CPU
		{2525373C-2940-4D71-9467-7CA0B33544B0}.Release|Any CPU.Build.0 = Release|Any CPU
	EndGlobalSection
EndGlobal
